# THIS IS AN AUTOGENERATED FILE. DO NOT EDIT THIS FILE DIRECTLY.
# yarn lockfile v1


browserslist@^4.1.2:
  version "4.1.2"
  resolved "https://registry.yarnpkg.com/browserslist/-/browserslist-4.1.2.tgz#632feb46d1cbdd6bb1a6eb660eff68f2345ae7e7"
  dependencies:
    caniuse-lite "^1.0.30000888"
    electron-to-chromium "^1.3.73"
    node-releases "^1.0.0-alpha.12"

caniuse-lite@^1.0.30000888:
  version "1.0.30000888"
  resolved "https://registry.yarnpkg.com/caniuse-lite/-/caniuse-lite-1.0.30000888.tgz#22edb50d91dd70612b5898e3b36f460600c6492f"

electron-to-chromium@^1.3.73:
  version "1.3.73"
  resolved "https://registry.yarnpkg.com/electron-to-chromium/-/electron-to-chromium-1.3.73.tgz#aa67787067d58cc3920089368b3b8d6fe0fc12f6"

node-releases@^1.0.0-alpha.12:
  version "1.0.0-alpha.12"
  resolved "https://registry.yarnpkg.com/node-releases/-/node-releases-1.0.0-alpha.12.tgz#32e461b879ea76ac674e511d9832cf29da345268"
  dependencies:
    semver "^5.3.0"

semver@^5.3.0:
  version "5.5.1"
  resolved "https://registry.yarnpkg.com/semver/-/semver-5.5.1.tgz#7dfdd8814bdb7cabc7be0fb1d734cfb66c940477"
